
Microsoft Visual Studio Solution File, Format Version 12.00
# Visual Studio Version 16
VisualStudioVersion = 16.0.30523.141
MinimumVisualStudioVersion = 10.0.40219.1
Project("{FAE04EC0-301F-11D3-BF4B-00C04F79EFBC}") = "02.LibraryIterator", "02.LibraryIterator\02.LibraryIterator.csproj", "{388150A3-2084-435D-9A9E-2BC76F0DA78D}"
EndProject
Global
	GlobalSection(SolutionConfigurationPlatforms) = preSolution
		Debug|Any CPU = Debug|Any CPU
		Release|Any CPU = Release|Any CPU
	EndGlobalSection
	GlobalSection(ProjectConfigurationPlatforms) = postSolution
		{388150A3-2084-435D-9A9E-2BC76F0DA78D}.Debug|Any CPU.ActiveCfg = Debug|Any CPU
		{388150A3-2084-435D-9A9E-2BC76F0DA78D}.Debug|Any CPU.Build.0 = Debug|Any CPU
		{388150A3-2084-435D-9A9E-2BC76F0DA78D}.Release|Any CPU.ActiveCfg = Release|Any CPU
		{388150A3-2084-435D-9A9E-2BC76F0DA78D}.Release|Any CPU.Build.0 = Release|Any CPU
	EndGlobalSection
	GlobalSection(SolutionProperties) = preSolution
		HideSolutionNode = FALSE
	EndGlobalSection
	GlobalSection(ExtensibilityGlobals) = postSolution
		SolutionGuid = {5389D645-56D8-4C19-823C-8ED0F2B36445}
	EndGlobalSection
EndGlobal
