
Microsoft Visual Studio Solution File, Format Version 12.00
# Visual Studio Version 16
VisualStudioVersion = 16.0.30413.136
MinimumVisualStudioVersion = 10.0.40219.1
Project("{9A19103F-16F7-4668-BE54-9A1E7A4F7556}") = "1.Read_Matrix", "1.ReadMatrix\1.Read_Matrix.csproj", "{EB3CFDFA-3215-4406-AB12-9D8240046606}"
EndProject
Project("{9A19103F-16F7-4668-BE54-9A1E7A4F7556}") = "2.Print_Matrix", "2.Print_Matrix\2.Print_Matrix.csproj", "{8A5AA2C3-EC9C-45A7-8E1D-3CE66274A15B}"
EndProject
Project("{9A19103F-16F7-4668-BE54-9A1E7A4F7556}") = "3.Read_Jagged_Array", "3.Read_Jagged_Array\3.Read_Jagged_Array.csproj", "{0D3398A0-C7E0-40A9-845C-5CB19E100819}"
EndProject
Project("{9A19103F-16F7-4668-BE54-9A1E7A4F7556}") = "4.Print_Jagged_Array", "4.Print_Jagged_Array\4.Print_Jagged_Array.csproj", "{1E711D2D-DA30-4668-BBB4-EAA6DC85A082}"
EndProject
Project("{FAE04EC0-301F-11D3-BF4B-00C04F79EFBC}") = "1.Read_Char_Matrix", "1.Read_Char_Matrix\1.Read_Char_Matrix.csproj", "{A731B781-D9FE-4A96-9A24-5B7BF1ECC1F1}"
EndProject
Global
	GlobalSection(SolutionConfigurationPlatforms) = preSolution
		Debug|Any CPU = Debug|Any CPU
		Release|Any CPU = Release|Any CPU
	EndGlobalSection
	GlobalSection(ProjectConfigurationPlatforms) = postSolution
		{EB3CFDFA-3215-4406-AB12-9D8240046606}.Debug|Any CPU.ActiveCfg = Debug|Any CPU
		{EB3CFDFA-3215-4406-AB12-9D8240046606}.Debug|Any CPU.Build.0 = Debug|Any CPU
		{EB3CFDFA-3215-4406-AB12-9D8240046606}.Release|Any CPU.ActiveCfg = Release|Any CPU
		{EB3CFDFA-3215-4406-AB12-9D8240046606}.Release|Any CPU.Build.0 = Release|Any CPU
		{8A5AA2C3-EC9C-45A7-8E1D-3CE66274A15B}.Debug|Any CPU.ActiveCfg = Debug|Any CPU
		{8A5AA2C3-EC9C-45A7-8E1D-3CE66274A15B}.Debug|Any CPU.Build.0 = Debug|Any CPU
		{8A5AA2C3-EC9C-45A7-8E1D-3CE66274A15B}.Release|Any CPU.ActiveCfg = Release|Any CPU
		{8A5AA2C3-EC9C-45A7-8E1D-3CE66274A15B}.Release|Any CPU.Build.0 = Release|Any CPU
		{0D3398A0-C7E0-40A9-845C-5CB19E100819}.Debug|Any CPU.ActiveCfg = Debug|Any CPU
		{0D3398A0-C7E0-40A9-845C-5CB19E100819}.Debug|Any CPU.Build.0 = Debug|Any CPU
		{0D3398A0-C7E0-40A9-845C-5CB19E100819}.Release|Any CPU.ActiveCfg = Release|Any CPU
		{0D3398A0-C7E0-40A9-845C-5CB19E100819}.Release|Any CPU.Build.0 = Release|Any CPU
		{1E711D2D-DA30-4668-BBB4-EAA6DC85A082}.Debug|Any CPU.ActiveCfg = Debug|Any CPU
		{1E711D2D-DA30-4668-BBB4-EAA6DC85A082}.Debug|Any CPU.Build.0 = Debug|Any CPU
		{1E711D2D-DA30-4668-BBB4-EAA6DC85A082}.Release|Any CPU.ActiveCfg = Release|Any CPU
		{1E711D2D-DA30-4668-BBB4-EAA6DC85A082}.Release|Any CPU.Build.0 = Release|Any CPU
		{A731B781-D9FE-4A96-9A24-5B7BF1ECC1F1}.Debug|Any CPU.ActiveCfg = Debug|Any CPU
		{A731B781-D9FE-4A96-9A24-5B7BF1ECC1F1}.Debug|Any CPU.Build.0 = Debug|Any CPU
		{A731B781-D9FE-4A96-9A24-5B7BF1ECC1F1}.Release|Any CPU.ActiveCfg = Release|Any CPU
		{A731B781-D9FE-4A96-9A24-5B7BF1ECC1F1}.Release|Any CPU.Build.0 = Release|Any CPU
	EndGlobalSection
	GlobalSection(SolutionProperties) = preSolution
		HideSolutionNode = FALSE
	EndGlobalSection
	GlobalSection(ExtensibilityGlobals) = postSolution
		SolutionGuid = {F60B3E5B-3A47-45D2-987D-747EBBFBE28D}
	EndGlobalSection
EndGlobal
