
Microsoft Visual Studio Solution File, Format Version 12.00
# Visual Studio Version 16
VisualStudioVersion = 16.0.30621.155
MinimumVisualStudioVersion = 10.0.40219.1
Project("{9A19103F-16F7-4668-BE54-9A1E7A4F7556}") = "PersonInfo", "PersonInfo\PersonInfo.csproj", "{580E2551-B0E7-41B8-B941-3E383F45A13D}"
EndProject
Project("{FAE04EC0-301F-11D3-BF4B-00C04F79EFBC}") = "03. Telephony", "03. Telephony\03. Telephony.csproj", "{B80E8FBF-B288-46EA-ACEF-37F04507A42C}"
EndProject
Global
	GlobalSection(SolutionConfigurationPlatforms) = preSolution
		Debug|Any CPU = Debug|Any CPU
		Release|Any CPU = Release|Any CPU
	EndGlobalSection
	GlobalSection(ProjectConfigurationPlatforms) = postSolution
		{580E2551-B0E7-41B8-B941-3E383F45A13D}.Debug|Any CPU.ActiveCfg = Debug|Any CPU
		{580E2551-B0E7-41B8-B941-3E383F45A13D}.Debug|Any CPU.Build.0 = Debug|Any CPU
		{580E2551-B0E7-41B8-B941-3E383F45A13D}.Release|Any CPU.ActiveCfg = Release|Any CPU
		{580E2551-B0E7-41B8-B941-3E383F45A13D}.Release|Any CPU.Build.0 = Release|Any CPU
		{B80E8FBF-B288-46EA-ACEF-37F04507A42C}.Debug|Any CPU.ActiveCfg = Debug|Any CPU
		{B80E8FBF-B288-46EA-ACEF-37F04507A42C}.Debug|Any CPU.Build.0 = Debug|Any CPU
		{B80E8FBF-B288-46EA-ACEF-37F04507A42C}.Release|Any CPU.ActiveCfg = Release|Any CPU
		{B80E8FBF-B288-46EA-ACEF-37F04507A42C}.Release|Any CPU.Build.0 = Release|Any CPU
	EndGlobalSection
	GlobalSection(SolutionProperties) = preSolution
		HideSolutionNode = FALSE
	EndGlobalSection
	GlobalSection(ExtensibilityGlobals) = postSolution
		SolutionGuid = {DB06F033-DDFD-451F-AAC0-02A224893D95}
	EndGlobalSection
EndGlobal
