
Microsoft Visual Studio Solution File, Format Version 12.00
# Visual Studio Version 16
VisualStudioVersion = 16.0.30523.141
MinimumVisualStudioVersion = 10.0.40219.1
Project("{FAE04EC0-301F-11D3-BF4B-00C04F79EFBC}") = "01.Box", "01.Box\01.Box.csproj", "{C17826EF-24CF-40B5-8AEA-82D392777477}"
EndProject
Global
	GlobalSection(SolutionConfigurationPlatforms) = preSolution
		Debug|Any CPU = Debug|Any CPU
		Release|Any CPU = Release|Any CPU
	EndGlobalSection
	GlobalSection(ProjectConfigurationPlatforms) = postSolution
		{C17826EF-24CF-40B5-8AEA-82D392777477}.Debug|Any CPU.ActiveCfg = Debug|Any CPU
		{C17826EF-24CF-40B5-8AEA-82D392777477}.Debug|Any CPU.Build.0 = Debug|Any CPU
		{C17826EF-24CF-40B5-8AEA-82D392777477}.Release|Any CPU.ActiveCfg = Release|Any CPU
		{C17826EF-24CF-40B5-8AEA-82D392777477}.Release|Any CPU.Build.0 = Release|Any CPU
	EndGlobalSection
	GlobalSection(SolutionProperties) = preSolution
		HideSolutionNode = FALSE
	EndGlobalSection
	GlobalSection(ExtensibilityGlobals) = postSolution
		SolutionGuid = {79C3876A-9520-475F-94B3-82DAF4949652}
	EndGlobalSection
EndGlobal
