
Microsoft Visual Studio Solution File, Format Version 12.00
# Visual Studio Version 16
VisualStudioVersion = 16.0.30517.126
MinimumVisualStudioVersion = 10.0.40219.1
Project("{FAE04EC0-301F-11D3-BF4B-00C04F79EFBC}") = "01.Even_Lines", "1.Even_Lines\01.Even_Lines.csproj", "{005BCE86-5C88-40C3-8C83-698303939EF6}"
EndProject
Project("{FAE04EC0-301F-11D3-BF4B-00C04F79EFBC}") = "02.Line_Numbers", "02.Line_Numbers\02.Line_Numbers.csproj", "{3EE1D7E8-4ED7-4BFF-9066-21D0811CA646}"
EndProject
Project("{FAE04EC0-301F-11D3-BF4B-00C04F79EFBC}") = "03.Word_Count", "03.Word_Count\03.Word_Count.csproj", "{4B74F27E-03BC-4E9C-B58A-CD19AE0E801C}"
EndProject
Global
	GlobalSection(SolutionConfigurationPlatforms) = preSolution
		Debug|Any CPU = Debug|Any CPU
		Release|Any CPU = Release|Any CPU
	EndGlobalSection
	GlobalSection(ProjectConfigurationPlatforms) = postSolution
		{005BCE86-5C88-40C3-8C83-698303939EF6}.Debug|Any CPU.ActiveCfg = Debug|Any CPU
		{005BCE86-5C88-40C3-8C83-698303939EF6}.Debug|Any CPU.Build.0 = Debug|Any CPU
		{005BCE86-5C88-40C3-8C83-698303939EF6}.Release|Any CPU.ActiveCfg = Release|Any CPU
		{005BCE86-5C88-40C3-8C83-698303939EF6}.Release|Any CPU.Build.0 = Release|Any CPU
		{3EE1D7E8-4ED7-4BFF-9066-21D0811CA646}.Debug|Any CPU.ActiveCfg = Debug|Any CPU
		{3EE1D7E8-4ED7-4BFF-9066-21D0811CA646}.Debug|Any CPU.Build.0 = Debug|Any CPU
		{3EE1D7E8-4ED7-4BFF-9066-21D0811CA646}.Release|Any CPU.ActiveCfg = Release|Any CPU
		{3EE1D7E8-4ED7-4BFF-9066-21D0811CA646}.Release|Any CPU.Build.0 = Release|Any CPU
		{4B74F27E-03BC-4E9C-B58A-CD19AE0E801C}.Debug|Any CPU.ActiveCfg = Debug|Any CPU
		{4B74F27E-03BC-4E9C-B58A-CD19AE0E801C}.Debug|Any CPU.Build.0 = Debug|Any CPU
		{4B74F27E-03BC-4E9C-B58A-CD19AE0E801C}.Release|Any CPU.ActiveCfg = Release|Any CPU
		{4B74F27E-03BC-4E9C-B58A-CD19AE0E801C}.Release|Any CPU.Build.0 = Release|Any CPU
	EndGlobalSection
	GlobalSection(SolutionProperties) = preSolution
		HideSolutionNode = FALSE
	EndGlobalSection
	GlobalSection(ExtensibilityGlobals) = postSolution
		SolutionGuid = {4EB28DCF-FA71-4147-8FDF-40E1B4BAA9A3}
	EndGlobalSection
EndGlobal
