
Microsoft Visual Studio Solution File, Format Version 12.00
# Visual Studio Version 16
VisualStudioVersion = 16.0.30517.126
MinimumVisualStudioVersion = 10.0.40219.1
Project("{FAE04EC0-301F-11D3-BF4B-00C04F79EFBC}") = "1.Even_Lines", "1.Even_Lines\1.Even_Lines.csproj", "{005BCE86-5C88-40C3-8C83-698303939EF6}"
EndProject
Global
	GlobalSection(SolutionConfigurationPlatforms) = preSolution
		Debug|Any CPU = Debug|Any CPU
		Release|Any CPU = Release|Any CPU
	EndGlobalSection
	GlobalSection(ProjectConfigurationPlatforms) = postSolution
		{005BCE86-5C88-40C3-8C83-698303939EF6}.Debug|Any CPU.ActiveCfg = Debug|Any CPU
		{005BCE86-5C88-40C3-8C83-698303939EF6}.Debug|Any CPU.Build.0 = Debug|Any CPU
		{005BCE86-5C88-40C3-8C83-698303939EF6}.Release|Any CPU.ActiveCfg = Release|Any CPU
		{005BCE86-5C88-40C3-8C83-698303939EF6}.Release|Any CPU.Build.0 = Release|Any CPU
	EndGlobalSection
	GlobalSection(SolutionProperties) = preSolution
		HideSolutionNode = FALSE
	EndGlobalSection
	GlobalSection(ExtensibilityGlobals) = postSolution
		SolutionGuid = {4EB28DCF-FA71-4147-8FDF-40E1B4BAA9A3}
	EndGlobalSection
EndGlobal
