
Microsoft Visual Studio Solution File, Format Version 12.00
# Visual Studio Version 16
VisualStudioVersion = 16.0.30413.136
MinimumVisualStudioVersion = 10.0.40219.1
Project("{9A19103F-16F7-4668-BE54-9A1E7A4F7556}") = "1.Diagonal_Difference", "1.Diagonal_Difference\1.Diagonal_Difference.csproj", "{F39C8ADA-33AF-4200-9A5A-23D440C5586B}"
EndProject
Project("{9A19103F-16F7-4668-BE54-9A1E7A4F7556}") = "2.Squares_in_Matrix", "2.Squares_in_Matrix\2.Squares_in_Matrix.csproj", "{708D570D-7222-47C5-938F-4D597B362165}"
EndProject
Project("{9A19103F-16F7-4668-BE54-9A1E7A4F7556}") = "3.Maximal_Sum", "3.Maximal_Sum\3.Maximal_Sum.csproj", "{C4922DBE-3DDC-4E50-A949-C558D96C8982}"
EndProject
Project("{9A19103F-16F7-4668-BE54-9A1E7A4F7556}") = "4.Matrix_Shuffling", "4.Matrix_Shuffling\4.Matrix_Shuffling.csproj", "{15893775-1BD2-4390-BB65-9A9978D3E727}"
EndProject
Project("{9A19103F-16F7-4668-BE54-9A1E7A4F7556}") = "5.Snake_Moves", "5.Snake_Moves\5.Snake_Moves.csproj", "{A8905CD4-E30A-4C1C-B0F8-6D981E9D11D5}"
EndProject
Project("{FAE04EC0-301F-11D3-BF4B-00C04F79EFBC}") = "6.Jagged_Array_Manipulator", "6.Jagged_Array_Manipulator\6.Jagged_Array_Manipulator.csproj", "{B74B04BA-E110-4586-B250-266867BDE7FF}"
EndProject
Project("{FAE04EC0-301F-11D3-BF4B-00C04F79EFBC}") = "7.Knight_Game", "7.Knight_Game\7.Knight_Game.csproj", "{42E3F1C5-A5BC-4358-BC8B-D6190AE2AFCF}"
EndProject
Global
	GlobalSection(SolutionConfigurationPlatforms) = preSolution
		Debug|Any CPU = Debug|Any CPU
		Release|Any CPU = Release|Any CPU
	EndGlobalSection
	GlobalSection(ProjectConfigurationPlatforms) = postSolution
		{F39C8ADA-33AF-4200-9A5A-23D440C5586B}.Debug|Any CPU.ActiveCfg = Debug|Any CPU
		{F39C8ADA-33AF-4200-9A5A-23D440C5586B}.Debug|Any CPU.Build.0 = Debug|Any CPU
		{F39C8ADA-33AF-4200-9A5A-23D440C5586B}.Release|Any CPU.ActiveCfg = Release|Any CPU
		{F39C8ADA-33AF-4200-9A5A-23D440C5586B}.Release|Any CPU.Build.0 = Release|Any CPU
		{708D570D-7222-47C5-938F-4D597B362165}.Debug|Any CPU.ActiveCfg = Debug|Any CPU
		{708D570D-7222-47C5-938F-4D597B362165}.Debug|Any CPU.Build.0 = Debug|Any CPU
		{708D570D-7222-47C5-938F-4D597B362165}.Release|Any CPU.ActiveCfg = Release|Any CPU
		{708D570D-7222-47C5-938F-4D597B362165}.Release|Any CPU.Build.0 = Release|Any CPU
		{C4922DBE-3DDC-4E50-A949-C558D96C8982}.Debug|Any CPU.ActiveCfg = Debug|Any CPU
		{C4922DBE-3DDC-4E50-A949-C558D96C8982}.Debug|Any CPU.Build.0 = Debug|Any CPU
		{C4922DBE-3DDC-4E50-A949-C558D96C8982}.Release|Any CPU.ActiveCfg = Release|Any CPU
		{C4922DBE-3DDC-4E50-A949-C558D96C8982}.Release|Any CPU.Build.0 = Release|Any CPU
		{15893775-1BD2-4390-BB65-9A9978D3E727}.Debug|Any CPU.ActiveCfg = Debug|Any CPU
		{15893775-1BD2-4390-BB65-9A9978D3E727}.Debug|Any CPU.Build.0 = Debug|Any CPU
		{15893775-1BD2-4390-BB65-9A9978D3E727}.Release|Any CPU.ActiveCfg = Release|Any CPU
		{15893775-1BD2-4390-BB65-9A9978D3E727}.Release|Any CPU.Build.0 = Release|Any CPU
		{A8905CD4-E30A-4C1C-B0F8-6D981E9D11D5}.Debug|Any CPU.ActiveCfg = Debug|Any CPU
		{A8905CD4-E30A-4C1C-B0F8-6D981E9D11D5}.Debug|Any CPU.Build.0 = Debug|Any CPU
		{A8905CD4-E30A-4C1C-B0F8-6D981E9D11D5}.Release|Any CPU.ActiveCfg = Release|Any CPU
		{A8905CD4-E30A-4C1C-B0F8-6D981E9D11D5}.Release|Any CPU.Build.0 = Release|Any CPU
		{B74B04BA-E110-4586-B250-266867BDE7FF}.Debug|Any CPU.ActiveCfg = Debug|Any CPU
		{B74B04BA-E110-4586-B250-266867BDE7FF}.Debug|Any CPU.Build.0 = Debug|Any CPU
		{B74B04BA-E110-4586-B250-266867BDE7FF}.Release|Any CPU.ActiveCfg = Release|Any CPU
		{B74B04BA-E110-4586-B250-266867BDE7FF}.Release|Any CPU.Build.0 = Release|Any CPU
		{42E3F1C5-A5BC-4358-BC8B-D6190AE2AFCF}.Debug|Any CPU.ActiveCfg = Debug|Any CPU
		{42E3F1C5-A5BC-4358-BC8B-D6190AE2AFCF}.Debug|Any CPU.Build.0 = Debug|Any CPU
		{42E3F1C5-A5BC-4358-BC8B-D6190AE2AFCF}.Release|Any CPU.ActiveCfg = Release|Any CPU
		{42E3F1C5-A5BC-4358-BC8B-D6190AE2AFCF}.Release|Any CPU.Build.0 = Release|Any CPU
	EndGlobalSection
	GlobalSection(SolutionProperties) = preSolution
		HideSolutionNode = FALSE
	EndGlobalSection
	GlobalSection(ExtensibilityGlobals) = postSolution
		SolutionGuid = {9AEF64DA-CA25-4F23-A163-64308FEFBFA5}
	EndGlobalSection
EndGlobal
