
Microsoft Visual Studio Solution File, Format Version 12.00
# Visual Studio Version 16
VisualStudioVersion = 16.0.30517.126
MinimumVisualStudioVersion = 10.0.40219.1
Project("{FAE04EC0-301F-11D3-BF4B-00C04F79EFBC}") = "01.Odd_Lines", "01.Odd_Lines\01.Odd_Lines.csproj", "{AB07FE71-CAB9-4E83-9122-C13A646D355A}"
EndProject
Project("{FAE04EC0-301F-11D3-BF4B-00C04F79EFBC}") = "02.Line_Numbers", "02.Line_Numbers\02.Line_Numbers.csproj", "{A89BC4DB-C8B6-4853-9812-5824FD129411}"
EndProject
Project("{FAE04EC0-301F-11D3-BF4B-00C04F79EFBC}") = "03.Word_Count", "03.Word_Count\03.Word_Count.csproj", "{A1C32358-9E56-4CE8-BC3B-D0AB90075911}"
EndProject
Project("{FAE04EC0-301F-11D3-BF4B-00C04F79EFBC}") = "04.Merge_Files", "04.Merge_Files\04.Merge_Files.csproj", "{8CC546FE-8EF2-4FAA-A648-5F2B19BCE270}"
EndProject
Project("{FAE04EC0-301F-11D3-BF4B-00C04F79EFBC}") = "05.Slice_a_File", "05.Slice_a_File\05.Slice_a_File.csproj", "{36F6E522-F9D2-48B7-9DD5-615EA39209AB}"
EndProject
Project("{FAE04EC0-301F-11D3-BF4B-00C04F79EFBC}") = "06.Folder_Size", "06.Folder_Size\06.Folder_Size.csproj", "{E9EE9733-AE9A-4E23-9548-2ADBB7BACBDD}"
EndProject
Global
	GlobalSection(SolutionConfigurationPlatforms) = preSolution
		Debug|Any CPU = Debug|Any CPU
		Release|Any CPU = Release|Any CPU
	EndGlobalSection
	GlobalSection(ProjectConfigurationPlatforms) = postSolution
		{AB07FE71-CAB9-4E83-9122-C13A646D355A}.Debug|Any CPU.ActiveCfg = Debug|Any CPU
		{AB07FE71-CAB9-4E83-9122-C13A646D355A}.Debug|Any CPU.Build.0 = Debug|Any CPU
		{AB07FE71-CAB9-4E83-9122-C13A646D355A}.Release|Any CPU.ActiveCfg = Release|Any CPU
		{AB07FE71-CAB9-4E83-9122-C13A646D355A}.Release|Any CPU.Build.0 = Release|Any CPU
		{A89BC4DB-C8B6-4853-9812-5824FD129411}.Debug|Any CPU.ActiveCfg = Debug|Any CPU
		{A89BC4DB-C8B6-4853-9812-5824FD129411}.Debug|Any CPU.Build.0 = Debug|Any CPU
		{A89BC4DB-C8B6-4853-9812-5824FD129411}.Release|Any CPU.ActiveCfg = Release|Any CPU
		{A89BC4DB-C8B6-4853-9812-5824FD129411}.Release|Any CPU.Build.0 = Release|Any CPU
		{A1C32358-9E56-4CE8-BC3B-D0AB90075911}.Debug|Any CPU.ActiveCfg = Debug|Any CPU
		{A1C32358-9E56-4CE8-BC3B-D0AB90075911}.Debug|Any CPU.Build.0 = Debug|Any CPU
		{A1C32358-9E56-4CE8-BC3B-D0AB90075911}.Release|Any CPU.ActiveCfg = Release|Any CPU
		{A1C32358-9E56-4CE8-BC3B-D0AB90075911}.Release|Any CPU.Build.0 = Release|Any CPU
		{8CC546FE-8EF2-4FAA-A648-5F2B19BCE270}.Debug|Any CPU.ActiveCfg = Debug|Any CPU
		{8CC546FE-8EF2-4FAA-A648-5F2B19BCE270}.Debug|Any CPU.Build.0 = Debug|Any CPU
		{8CC546FE-8EF2-4FAA-A648-5F2B19BCE270}.Release|Any CPU.ActiveCfg = Release|Any CPU
		{8CC546FE-8EF2-4FAA-A648-5F2B19BCE270}.Release|Any CPU.Build.0 = Release|Any CPU
		{36F6E522-F9D2-48B7-9DD5-615EA39209AB}.Debug|Any CPU.ActiveCfg = Debug|Any CPU
		{36F6E522-F9D2-48B7-9DD5-615EA39209AB}.Debug|Any CPU.Build.0 = Debug|Any CPU
		{36F6E522-F9D2-48B7-9DD5-615EA39209AB}.Release|Any CPU.ActiveCfg = Release|Any CPU
		{36F6E522-F9D2-48B7-9DD5-615EA39209AB}.Release|Any CPU.Build.0 = Release|Any CPU
		{E9EE9733-AE9A-4E23-9548-2ADBB7BACBDD}.Debug|Any CPU.ActiveCfg = Debug|Any CPU
		{E9EE9733-AE9A-4E23-9548-2ADBB7BACBDD}.Debug|Any CPU.Build.0 = Debug|Any CPU
		{E9EE9733-AE9A-4E23-9548-2ADBB7BACBDD}.Release|Any CPU.ActiveCfg = Release|Any CPU
		{E9EE9733-AE9A-4E23-9548-2ADBB7BACBDD}.Release|Any CPU.Build.0 = Release|Any CPU
	EndGlobalSection
	GlobalSection(SolutionProperties) = preSolution
		HideSolutionNode = FALSE
	EndGlobalSection
	GlobalSection(ExtensibilityGlobals) = postSolution
		SolutionGuid = {DA7CD468-9410-4FBB-8797-F88682B43876}
	EndGlobalSection
EndGlobal
