
Microsoft Visual Studio Solution File, Format Version 12.00
# Visual Studio Version 16
VisualStudioVersion = 16.0.30621.155
MinimumVisualStudioVersion = 10.0.40219.1
Project("{FAE04EC0-301F-11D3-BF4B-00C04F79EFBC}") = "Stealer", "Stealer\Stealer.csproj", "{16591604-5949-4C59-99D6-59048DCD7D09}"
EndProject
Global
	GlobalSection(SolutionConfigurationPlatforms) = preSolution
		Debug|Any CPU = Debug|Any CPU
		Release|Any CPU = Release|Any CPU
	EndGlobalSection
	GlobalSection(ProjectConfigurationPlatforms) = postSolution
		{16591604-5949-4C59-99D6-59048DCD7D09}.Debug|Any CPU.ActiveCfg = Debug|Any CPU
		{16591604-5949-4C59-99D6-59048DCD7D09}.Debug|Any CPU.Build.0 = Debug|Any CPU
		{16591604-5949-4C59-99D6-59048DCD7D09}.Release|Any CPU.ActiveCfg = Release|Any CPU
		{16591604-5949-4C59-99D6-59048DCD7D09}.Release|Any CPU.Build.0 = Release|Any CPU
	EndGlobalSection
	GlobalSection(SolutionProperties) = preSolution
		HideSolutionNode = FALSE
	EndGlobalSection
	GlobalSection(ExtensibilityGlobals) = postSolution
		SolutionGuid = {9934BA52-EC60-45DA-8096-E1F4A8DAA3B3}
	EndGlobalSection
EndGlobal
