
Microsoft Visual Studio Solution File, Format Version 12.00
# Visual Studio Version 16
VisualStudioVersion = 16.0.30621.155
MinimumVisualStudioVersion = 10.0.40219.1
Project("{FAE04EC0-301F-11D3-BF4B-00C04F79EFBC}") = "01.Class_Box_Data", "01.Class_Box_Data\01.Class_Box_Data.csproj", "{848F4284-9878-4518-9640-C250E728596D}"
EndProject
Project("{9A19103F-16F7-4668-BE54-9A1E7A4F7556}") = "AnimalFarm", "AnimalFarm\AnimalFarm\AnimalFarm.csproj", "{6AA5B6DC-9994-41EC-A429-EF15114B1A12}"
EndProject
Global
	GlobalSection(SolutionConfigurationPlatforms) = preSolution
		Debug|Any CPU = Debug|Any CPU
		Release|Any CPU = Release|Any CPU
	EndGlobalSection
	GlobalSection(ProjectConfigurationPlatforms) = postSolution
		{848F4284-9878-4518-9640-C250E728596D}.Debug|Any CPU.ActiveCfg = Debug|Any CPU
		{848F4284-9878-4518-9640-C250E728596D}.Debug|Any CPU.Build.0 = Debug|Any CPU
		{848F4284-9878-4518-9640-C250E728596D}.Release|Any CPU.ActiveCfg = Release|Any CPU
		{848F4284-9878-4518-9640-C250E728596D}.Release|Any CPU.Build.0 = Release|Any CPU
		{6AA5B6DC-9994-41EC-A429-EF15114B1A12}.Debug|Any CPU.ActiveCfg = Debug|Any CPU
		{6AA5B6DC-9994-41EC-A429-EF15114B1A12}.Debug|Any CPU.Build.0 = Debug|Any CPU
		{6AA5B6DC-9994-41EC-A429-EF15114B1A12}.Release|Any CPU.ActiveCfg = Release|Any CPU
		{6AA5B6DC-9994-41EC-A429-EF15114B1A12}.Release|Any CPU.Build.0 = Release|Any CPU
	EndGlobalSection
	GlobalSection(SolutionProperties) = preSolution
		HideSolutionNode = FALSE
	EndGlobalSection
	GlobalSection(ExtensibilityGlobals) = postSolution
		SolutionGuid = {D423298C-724C-44A7-A29A-B5BC0FED9951}
	EndGlobalSection
EndGlobal
