
Microsoft Visual Studio Solution File, Format Version 12.00
# Visual Studio Version 16
VisualStudioVersion = 16.0.30611.23
MinimumVisualStudioVersion = 10.0.40219.1
Project("{FAE04EC0-301F-11D3-BF4B-00C04F79EFBC}") = "Guild", "Guild\Guild.csproj", "{9991DF2A-36D7-4C87-966B-A488F865D4FC}"
EndProject
Project("{FAE04EC0-301F-11D3-BF4B-00C04F79EFBC}") = "01.Lootbox", "01.Lootbox\01.Lootbox.csproj", "{276287E3-930C-4042-8758-4EF6DB94647D}"
EndProject
Global
	GlobalSection(SolutionConfigurationPlatforms) = preSolution
		Debug|Any CPU = Debug|Any CPU
		Release|Any CPU = Release|Any CPU
	EndGlobalSection
	GlobalSection(ProjectConfigurationPlatforms) = postSolution
		{9991DF2A-36D7-4C87-966B-A488F865D4FC}.Debug|Any CPU.ActiveCfg = Debug|Any CPU
		{9991DF2A-36D7-4C87-966B-A488F865D4FC}.Debug|Any CPU.Build.0 = Debug|Any CPU
		{9991DF2A-36D7-4C87-966B-A488F865D4FC}.Release|Any CPU.ActiveCfg = Release|Any CPU
		{9991DF2A-36D7-4C87-966B-A488F865D4FC}.Release|Any CPU.Build.0 = Release|Any CPU
		{276287E3-930C-4042-8758-4EF6DB94647D}.Debug|Any CPU.ActiveCfg = Debug|Any CPU
		{276287E3-930C-4042-8758-4EF6DB94647D}.Debug|Any CPU.Build.0 = Debug|Any CPU
		{276287E3-930C-4042-8758-4EF6DB94647D}.Release|Any CPU.ActiveCfg = Release|Any CPU
		{276287E3-930C-4042-8758-4EF6DB94647D}.Release|Any CPU.Build.0 = Release|Any CPU
	EndGlobalSection
	GlobalSection(SolutionProperties) = preSolution
		HideSolutionNode = FALSE
	EndGlobalSection
	GlobalSection(ExtensibilityGlobals) = postSolution
		SolutionGuid = {88F636DC-F2D0-407F-AB84-86FC6E27CECC}
	EndGlobalSection
EndGlobal
