
Microsoft Visual Studio Solution File, Format Version 12.00
# Visual Studio Version 16
VisualStudioVersion = 16.0.30523.141
MinimumVisualStudioVersion = 10.0.40219.1
Project("{FAE04EC0-301F-11D3-BF4B-00C04F79EFBC}") = "IteratorsAndComparators", "IteratorsAndComparators\IteratorsAndComparators.csproj", "{7F7A41F9-C380-4AFB-890F-3D8400E37A3F}"
EndProject
Global
	GlobalSection(SolutionConfigurationPlatforms) = preSolution
		Debug|Any CPU = Debug|Any CPU
		Release|Any CPU = Release|Any CPU
	EndGlobalSection
	GlobalSection(ProjectConfigurationPlatforms) = postSolution
		{7F7A41F9-C380-4AFB-890F-3D8400E37A3F}.Debug|Any CPU.ActiveCfg = Debug|Any CPU
		{7F7A41F9-C380-4AFB-890F-3D8400E37A3F}.Debug|Any CPU.Build.0 = Debug|Any CPU
		{7F7A41F9-C380-4AFB-890F-3D8400E37A3F}.Release|Any CPU.ActiveCfg = Release|Any CPU
		{7F7A41F9-C380-4AFB-890F-3D8400E37A3F}.Release|Any CPU.Build.0 = Release|Any CPU
	EndGlobalSection
	GlobalSection(SolutionProperties) = preSolution
		HideSolutionNode = FALSE
	EndGlobalSection
	GlobalSection(ExtensibilityGlobals) = postSolution
		SolutionGuid = {78E5C9C3-B916-4F7C-B922-070A8762C46D}
	EndGlobalSection
EndGlobal
