
Microsoft Visual Studio Solution File, Format Version 12.00
# Visual Studio Version 16
VisualStudioVersion = 16.0.30523.141
MinimumVisualStudioVersion = 10.0.40219.1
Project("{FAE04EC0-301F-11D3-BF4B-00C04F79EFBC}") = "01.Generic_Box_of_String", "01.Generic_Box_of_String\01.Generic_Box_of_String.csproj", "{184183EE-123F-42BE-B2E6-4A590CCD616C}"
EndProject
Global
	GlobalSection(SolutionConfigurationPlatforms) = preSolution
		Debug|Any CPU = Debug|Any CPU
		Release|Any CPU = Release|Any CPU
	EndGlobalSection
	GlobalSection(ProjectConfigurationPlatforms) = postSolution
		{184183EE-123F-42BE-B2E6-4A590CCD616C}.Debug|Any CPU.ActiveCfg = Debug|Any CPU
		{184183EE-123F-42BE-B2E6-4A590CCD616C}.Debug|Any CPU.Build.0 = Debug|Any CPU
		{184183EE-123F-42BE-B2E6-4A590CCD616C}.Release|Any CPU.ActiveCfg = Release|Any CPU
		{184183EE-123F-42BE-B2E6-4A590CCD616C}.Release|Any CPU.Build.0 = Release|Any CPU
	EndGlobalSection
	GlobalSection(SolutionProperties) = preSolution
		HideSolutionNode = FALSE
	EndGlobalSection
	GlobalSection(ExtensibilityGlobals) = postSolution
		SolutionGuid = {4F6D7726-1C90-46A1-882D-C1C04CF3E599}
	EndGlobalSection
EndGlobal
